version = 1
revision = 3
requires-python = ">=3.12.13"

[[package]]
name = "sentencepiece"
version = "0.2.1"
source = { registry = "https://pypi.org/simple" }
sdist = { url = "https://files.pythonhosted.org/packages/15/15/2e7a025fc62d764b151ae6d0f2a92f8081755ebe8d4a64099accc6f77ba6/sentencepiece-0.2.1.tar.gz", hash = "sha256:8138cec27c2f2282f4a34d9a016e3374cd40e5c6e9cb335063db66a0a3b71fad", size = 3228515, upload-time = "2025-08-12T07:00:51.718Z" }
wheels = [
    { url = "https://files.pythonhosted.org/packages/4a/be/32ce495aa1d0e0c323dcb1ba87096037358edee539cac5baf8755a6bd396/sentencepiece-0.2.1-cp312-cp312-macosx_10_13_universal2.whl", hash = "sha256:57cae326c8727de58c85977b175af132a7138d84c764635d7e71bbee7e774133", size = 1943152, upload-time = "2025-08-12T06:59:40.048Z" },
    { url = "https://files.pythonhosted.org/packages/88/7e/ff23008899a58678e98c6ff592bf4d368eee5a71af96d0df6b38a039dd4f/sentencepiece-0.2.1-cp312-cp312-macosx_10_13_x86_64.whl", hash = "sha256:56dd39a3c4d6493db3cdca7e8cc68c6b633f0d4195495cbadfcf5af8a22d05a6", size = 1325651, upload-time = "2025-08-12T06:59:41.536Z" },
    { url = "https://files.pythonhosted.org/packages/19/84/42eb3ce4796777a1b5d3699dfd4dca85113e68b637f194a6c8d786f16a04/sentencepiece-0.2.1-cp312-cp312-macosx_11_0_arm64.whl", hash = "sha256:d9381351182ff9888cc80e41c632e7e274b106f450de33d67a9e8f6043da6f76", size = 1253645, upload-time = "2025-08-12T06:59:42.903Z" },
    { url = "https://files.pythonhosted.org/packages/89/fa/d3d5ebcba3cb9e6d3775a096251860c41a6bc53a1b9461151df83fe93255/sentencepiece-0.2.1-cp312-cp312-manylinux_2_27_aarch64.manylinux_2_28_aarch64.whl", hash = "sha256:99f955df238021bf11f0fc37cdb54fd5e5b5f7fd30ecc3d93fb48b6815437167", size = 1316273, upload-time = "2025-08-12T06:59:44.476Z" },
    { url = "https://files.pythonhosted.org/packages/04/88/14f2f4a2b922d8b39be45bf63d79e6cd3a9b2f248b2fcb98a69b12af12f5/sentencepiece-0.2.1-cp312-cp312-manylinux_2_27_x86_64.manylinux_2_28_x86_64.whl", hash = "sha256:0cdfecef430d985f1c2bcbfff3defd1d95dae876fbd0173376012d2d7d24044b", size = 1387881, upload-time = "2025-08-12T06:59:46.09Z" },
    { url = "https://files.pythonhosted.org/packages/fd/b8/903e5ccb77b4ef140605d5d71b4f9e0ad95d456d6184688073ed11712809/sentencepiece-0.2.1-cp312-cp312-win32.whl", hash = "sha256:a483fd29a34c3e34c39ac5556b0a90942bec253d260235729e50976f5dba1068", size = 999540, upload-time = "2025-08-12T06:59:48.023Z" },
    { url = "https://files.pythonhosted.org/packages/2d/81/92df5673c067148c2545b1bfe49adfd775bcc3a169a047f5a0e6575ddaca/sentencepiece-0.2.1-cp312-cp312-win_amd64.whl", hash = "sha256:4cdc7c36234fda305e85c32949c5211faaf8dd886096c7cea289ddc12a2d02de", size = 1054671, upload-time = "2025-08-12T06:59:49.895Z" },
    { url = "https://files.pythonhosted.org/packages/fe/02/c5e3bc518655d714622bec87d83db9cdba1cd0619a4a04e2109751c4f47f/sentencepiece-0.2.1-cp312-cp312-win_arm64.whl", hash = "sha256:daeb5e9e9fcad012324807856113708614d534f596d5008638eb9b40112cd9e4", size = 1033923, upload-time = "2025-08-12T06:59:51.952Z" },
    { url = "https://files.pythonhosted.org/packages/ba/4a/85fbe1706d4d04a7e826b53f327c4b80f849cf1c7b7c5e31a20a97d8f28b/sentencepiece-0.2.1-cp313-cp313-macosx_10_13_universal2.whl", hash = "sha256:dcd8161eee7b41aae57ded06272905dbd680a0a04b91edd0f64790c796b2f706", size = 1943150, upload-time = "2025-08-12T06:59:53.588Z" },
    { url = "https://files.pythonhosted.org/packages/c2/83/4cfb393e287509fc2155480b9d184706ef8d9fa8cbf5505d02a5792bf220/sentencepiece-0.2.1-cp313-cp313-macosx_10_13_x86_64.whl", hash = "sha256:c6c8f42949f419ff8c7e9960dbadcfbc982d7b5efc2f6748210d3dd53a7de062", size = 1325651, upload-time = "2025-08-12T06:59:55.073Z" },
    { url = "https://files.pythonhosted.org/packages/8d/de/5a007fb53b1ab0aafc69d11a5a3dd72a289d5a3e78dcf2c3a3d9b14ffe93/sentencepiece-0.2.1-cp313-cp313-macosx_11_0_arm64.whl", hash = "sha256:097f3394e99456e9e4efba1737c3749d7e23563dd1588ce71a3d007f25475fff", size = 1253641, upload-time = "2025-08-12T06:59:56.562Z" },
    { url = "https://files.pythonhosted.org/packages/2c/d2/f552be5928105588f4f4d66ee37dd4c61460d8097e62d0e2e0eec41bc61d/sentencepiece-0.2.1-cp313-cp313-manylinux_2_27_aarch64.manylinux_2_28_aarch64.whl", hash = "sha256:d7b670879c370d350557edabadbad1f6561a9e6968126e6debca4029e5547820", size = 1316271, upload-time = "2025-08-12T06:59:58.109Z" },
    { url = "https://files.pythonhosted.org/packages/96/df/0cfe748ace5485be740fed9476dee7877f109da32ed0d280312c94ec259f/sentencepiece-0.2.1-cp313-cp313-manylinux_2_27_x86_64.manylinux_2_28_x86_64.whl", hash = "sha256:c7f0fd2f2693309e6628aeeb2e2faf6edd221134dfccac3308ca0de01f8dab47", size = 1387882, upload-time = "2025-08-12T07:00:00.701Z" },
    { url = "https://files.pythonhosted.org/packages/ac/dd/f7774d42a881ced8e1739f393ab1e82ece39fc9abd4779e28050c2e975b5/sentencepiece-0.2.1-cp313-cp313-win32.whl", hash = "sha256:92b3816aa2339355fda2c8c4e021a5de92180b00aaccaf5e2808972e77a4b22f", size = 999541, upload-time = "2025-08-12T07:00:02.709Z" },
    { url = "https://files.pythonhosted.org/packages/dd/e9/932b9eae6fd7019548321eee1ab8d5e3b3d1294df9d9a0c9ac517c7b636d/sentencepiece-0.2.1-cp313-cp313-win_amd64.whl", hash = "sha256:10ed3dab2044c47f7a2e7b4969b0c430420cdd45735d78c8f853191fa0e3148b", size = 1054669, upload-time = "2025-08-12T07:00:04.915Z" },
    { url = "https://files.pythonhosted.org/packages/c9/3a/76488a00ea7d6931689cda28726a1447d66bf1a4837943489314593d5596/sentencepiece-0.2.1-cp313-cp313-win_arm64.whl", hash = "sha256:ac650534e2251083c5f75dde4ff28896ce7c8904133dc8fef42780f4d5588fcd", size = 1033922, upload-time = "2025-08-12T07:00:06.496Z" },
    { url = "https://files.pythonhosted.org/packages/4a/b6/08fe2ce819e02ccb0296f4843e3f195764ce9829cbda61b7513f29b95718/sentencepiece-0.2.1-cp313-cp313t-macosx_10_13_universal2.whl", hash = "sha256:8dd4b477a7b069648d19363aad0cab9bad2f4e83b2d179be668efa672500dc94", size = 1946052, upload-time = "2025-08-12T07:00:08.136Z" },
    { url = "https://files.pythonhosted.org/packages/ab/d9/1ea0e740591ff4c6fc2b6eb1d7510d02f3fb885093f19b2f3abd1363b402/sentencepiece-0.2.1-cp313-cp313t-macosx_10_13_x86_64.whl", hash = "sha256:0c0f672da370cc490e4c59d89e12289778310a0e71d176c541e4834759e1ae07", size = 1327408, upload-time = "2025-08-12T07:00:09.572Z" },
    { url = "https://files.pythonhosted.org/packages/99/7e/1fb26e8a21613f6200e1ab88824d5d203714162cf2883248b517deb500b7/sentencepiece-0.2.1-cp313-cp313t-macosx_11_0_arm64.whl", hash = "sha256:ad8493bea8432dae8d6830365352350f3b4144415a1d09c4c8cb8d30cf3b6c3c", size = 1254857, upload-time = "2025-08-12T07:00:11.021Z" },
    { url = "https://files.pythonhosted.org/packages/bc/85/c72fd1f3c7a6010544d6ae07f8ddb38b5e2a7e33bd4318f87266c0bbafbf/sentencepiece-0.2.1-cp313-cp313t-manylinux_2_27_aarch64.manylinux_2_28_aarch64.whl", hash = "sha256:b81a24733726e3678d2db63619acc5a8dccd074f7aa7a54ecd5ca33ca6d2d596", size = 1315722, upload-time = "2025-08-12T07:00:12.989Z" },
    { url = "https://files.pythonhosted.org/packages/4a/e8/661e5bd82a8aa641fd6c1020bd0e890ef73230a2b7215ddf9c8cd8e941c2/sentencepiece-0.2.1-cp313-cp313t-manylinux_2_27_x86_64.manylinux_2_28_x86_64.whl", hash = "sha256:0a81799d0a68d618e89063fb423c3001a034c893069135ffe51fee439ae474d6", size = 1387452, upload-time = "2025-08-12T07:00:15.088Z" },
    { url = "https://files.pythonhosted.org/packages/99/5e/ae66c361023a470afcbc1fbb8da722c72ea678a2fcd9a18f1a12598c7501/sentencepiece-0.2.1-cp313-cp313t-win32.whl", hash = "sha256:89a3ea015517c42c0341d0d962f3e6aaf2cf10d71b1932d475c44ba48d00aa2b", size = 1002501, upload-time = "2025-08-12T07:00:16.966Z" },
    { url = "https://files.pythonhosted.org/packages/c1/03/d332828c4ff764e16c1b56c2c8f9a33488bbe796b53fb6b9c4205ddbf167/sentencepiece-0.2.1-cp313-cp313t-win_amd64.whl", hash = "sha256:33f068c9382dc2e7c228eedfd8163b52baa86bb92f50d0488bf2b7da7032e484", size = 1057555, upload-time = "2025-08-12T07:00:18.573Z" },
    { url = "https://files.pythonhosted.org/packages/88/14/5aee0bf0864df9bd82bd59e7711362908e4935e3f9cdc1f57246b5d5c9b9/sentencepiece-0.2.1-cp313-cp313t-win_arm64.whl", hash = "sha256:b3616ad246f360e52c85781e47682d31abfb6554c779e42b65333d4b5f44ecc0", size = 1036042, upload-time = "2025-08-12T07:00:20.209Z" },
    { url = "https://files.pythonhosted.org/packages/24/9c/89eb8b2052f720a612478baf11c8227dcf1dc28cd4ea4c0c19506b5af2a2/sentencepiece-0.2.1-cp314-cp314-macosx_10_13_universal2.whl", hash = "sha256:5d0350b686c320068702116276cfb26c066dc7e65cfef173980b11bb4d606719", size = 1943147, upload-time = "2025-08-12T07:00:21.809Z" },
    { url = "https://files.pythonhosted.org/packages/82/0b/a1432bc87f97c2ace36386ca23e8bd3b91fb40581b5e6148d24b24186419/sentencepiece-0.2.1-cp314-cp314-macosx_10_13_x86_64.whl", hash = "sha256:c7f54a31cde6fa5cb030370566f68152a742f433f8d2be458463d06c208aef33", size = 1325624, upload-time = "2025-08-12T07:00:23.289Z" },
    { url = "https://files.pythonhosted.org/packages/ea/99/bbe054ebb5a5039457c590e0a4156ed073fb0fe9ce4f7523404dd5b37463/sentencepiece-0.2.1-cp314-cp314-macosx_11_0_arm64.whl", hash = "sha256:c83b85ab2d6576607f31df77ff86f28182be4a8de6d175d2c33ca609925f5da1", size = 1253670, upload-time = "2025-08-12T07:00:24.69Z" },
    { url = "https://files.pythonhosted.org/packages/19/ad/d5c7075f701bd97971d7c2ac2904f227566f51ef0838dfbdfdccb58cd212/sentencepiece-0.2.1-cp314-cp314-manylinux_2_27_aarch64.manylinux_2_28_aarch64.whl", hash = "sha256:1855f57db07b51fb51ed6c9c452f570624d2b169b36f0f79ef71a6e6c618cd8b", size = 1316247, upload-time = "2025-08-12T07:00:26.435Z" },
    { url = "https://files.pythonhosted.org/packages/fb/03/35fbe5f3d9a7435eebd0b473e09584bd3cc354ce118b960445b060d33781/sentencepiece-0.2.1-cp314-cp314-manylinux_2_27_x86_64.manylinux_2_28_x86_64.whl", hash = "sha256:01e6912125cb45d3792f530a4d38f8e21bf884d6b4d4ade1b2de5cf7a8d2a52b", size = 1387894, upload-time = "2025-08-12T07:00:28.339Z" },
    { url = "https://files.pythonhosted.org/packages/dc/aa/956ef729aafb6c8f9c443104c9636489093bb5c61d6b90fc27aa1a865574/sentencepiece-0.2.1-cp314-cp314-win32.whl", hash = "sha256:c415c9de1447e0a74ae3fdb2e52f967cb544113a3a5ce3a194df185cbc1f962f", size = 1096698, upload-time = "2025-08-12T07:00:29.764Z" },
    { url = "https://files.pythonhosted.org/packages/b8/cb/fe400d8836952cc535c81a0ce47dc6875160e5fedb71d2d9ff0e9894c2a6/sentencepiece-0.2.1-cp314-cp314-win_amd64.whl", hash = "sha256:881b2e44b14fc19feade3cbed314be37de639fc415375cefaa5bc81a4be137fd", size = 1155115, upload-time = "2025-08-12T07:00:32.865Z" },
    { url = "https://files.pythonhosted.org/packages/32/89/047921cf70f36c7b6b6390876b2399b3633ab73b8d0cb857e5a964238941/sentencepiece-0.2.1-cp314-cp314-win_arm64.whl", hash = "sha256:2005242a16d2dc3ac5fe18aa7667549134d37854823df4c4db244752453b78a8", size = 1133890, upload-time = "2025-08-12T07:00:34.763Z" },
    { url = "https://files.pythonhosted.org/packages/a1/11/5b414b9fae6255b5fb1e22e2ed3dc3a72d3a694e5703910e640ac78346bb/sentencepiece-0.2.1-cp314-cp314t-macosx_10_13_universal2.whl", hash = "sha256:a19adcec27c524cb7069a1c741060add95f942d1cbf7ad0d104dffa0a7d28a2b", size = 1946081, upload-time = "2025-08-12T07:00:36.97Z" },
    { url = "https://files.pythonhosted.org/packages/77/eb/7a5682bb25824db8545f8e5662e7f3e32d72a508fdce086029d89695106b/sentencepiece-0.2.1-cp314-cp314t-macosx_10_13_x86_64.whl", hash = "sha256:e37e4b4c4a11662b5db521def4e44d4d30ae69a1743241412a93ae40fdcab4bb", size = 1327406, upload-time = "2025-08-12T07:00:38.669Z" },
    { url = "https://files.pythonhosted.org/packages/03/b0/811dae8fb9f2784e138785d481469788f2e0d0c109c5737372454415f55f/sentencepiece-0.2.1-cp314-cp314t-macosx_11_0_arm64.whl", hash = "sha256:477c81505db072b3ab627e7eab972ea1025331bd3a92bacbf798df2b75ea86ec", size = 1254846, upload-time = "2025-08-12T07:00:40.611Z" },
    { url = "https://files.pythonhosted.org/packages/ef/23/195b2e7ec85ebb6a547969f60b723c7aca5a75800ece6cc3f41da872d14e/sentencepiece-0.2.1-cp314-cp314t-manylinux_2_27_aarch64.manylinux_2_28_aarch64.whl", hash = "sha256:010f025a544ef770bb395091d57cb94deb9652d8972e0d09f71d85d5a0816c8c", size = 1315721, upload-time = "2025-08-12T07:00:42.914Z" },
    { url = "https://files.pythonhosted.org/packages/7e/aa/553dbe4178b5f23eb28e59393dddd64186178b56b81d9b8d5c3ff1c28395/sentencepiece-0.2.1-cp314-cp314t-manylinux_2_27_x86_64.manylinux_2_28_x86_64.whl", hash = "sha256:733e59ff1794d26db706cd41fc2d7ca5f6c64a820709cb801dc0ea31780d64ab", size = 1387458, upload-time = "2025-08-12T07:00:44.56Z" },
    { url = "https://files.pythonhosted.org/packages/66/7c/08ff0012507297a4dd74a5420fdc0eb9e3e80f4e88cab1538d7f28db303d/sentencepiece-0.2.1-cp314-cp314t-win32.whl", hash = "sha256:d3233770f78e637dc8b1fda2cd7c3b99ec77e7505041934188a4e7fe751de3b0", size = 1099765, upload-time = "2025-08-12T07:00:46.058Z" },
    { url = "https://files.pythonhosted.org/packages/91/d5/2a69e1ce15881beb9ddfc7e3f998322f5cedcd5e4d244cb74dade9441663/sentencepiece-0.2.1-cp314-cp314t-win_amd64.whl", hash = "sha256:5e4366c97b68218fd30ea72d70c525e6e78a6c0a88650f57ac4c43c63b234a9d", size = 1157807, upload-time = "2025-08-12T07:00:47.673Z" },
    { url = "https://files.pythonhosted.org/packages/f3/16/54f611fcfc2d1c46cbe3ec4169780b2cfa7cf63708ef2b71611136db7513/sentencepiece-0.2.1-cp314-cp314t-win_arm64.whl", hash = "sha256:105e36e75cbac1292642045458e8da677b2342dcd33df503e640f0b457cb6751", size = 1136264, upload-time = "2025-08-12T07:00:49.485Z" },
]

[[package]]
name = "sml"
version = "0.1.0"
source = { virtual = "." }
dependencies = [
    { name = "sentencepiece" },
    { name = "zstandard" },
]

[package.metadata]
requires-dist = [
    { name = "sentencepiece", specifier = ">=0.2.1" },
    { name = "zstandard", specifier = ">=0.25.0" },
]

[[package]]
name = "zstandard"
version = "0.25.0"
source = { registry = "https://pypi.org/simple" }
sdist = { url = "https://files.pythonhosted.org/packages/fd/aa/3e0508d5a5dd96529cdc5a97011299056e14c6505b678fd58938792794b1/zstandard-0.25.0.tar.gz", hash = "sha256:7713e1179d162cf5c7906da876ec2ccb9c3a9dcbdffef0cc7f70c3667a205f0b", size = 711513, upload-time = "2025-09-14T22:15:54.002Z" }
wheels = [
    { url = "https://files.pythonhosted.org/packages/82/fc/f26eb6ef91ae723a03e16eddb198abcfce2bc5a42e224d44cc8b6765e57e/zstandard-0.25.0-cp312-cp312-macosx_10_13_x86_64.whl", hash = "sha256:7b3c3a3ab9daa3eed242d6ecceead93aebbb8f5f84318d82cee643e019c4b73b", size = 795738, upload-time = "2025-09-14T22:16:56.237Z" },
    { url = "https://files.pythonhosted.org/packages/aa/1c/d920d64b22f8dd028a8b90e2d756e431a5d86194caa78e3819c7bf53b4b3/zstandard-0.25.0-cp312-cp312-macosx_11_0_arm64.whl", hash = "sha256:913cbd31a400febff93b564a23e17c3ed2d56c064006f54efec210d586171c00", size = 640436, upload-time = "2025-09-14T22:16:57.774Z" },
    { url = "https://files.pythonhosted.org/packages/53/6c/288c3f0bd9fcfe9ca41e2c2fbfd17b2097f6af57b62a81161941f09afa76/zstandard-0.25.0-cp312-cp312-manylinux2010_i686.manylinux2014_i686.manylinux_2_12_i686.manylinux_2_17_i686.whl", hash = "sha256:011d388c76b11a0c165374ce660ce2c8efa8e5d87f34996aa80f9c0816698b64", size = 5343019, upload-time = "2025-09-14T22:16:59.302Z" },
    { url = "https://files.pythonhosted.org/packages/1e/15/efef5a2f204a64bdb5571e6161d49f7ef0fffdbca953a615efbec045f60f/zstandard-0.25.0-cp312-cp312-manylinux2014_aarch64.manylinux_2_17_aarch64.whl", hash = "sha256:6dffecc361d079bb48d7caef5d673c88c8988d3d33fb74ab95b7ee6da42652ea", size = 5063012, upload-time = "2025-09-14T22:17:01.156Z" },
    { url = "https://files.pythonhosted.org/packages/b7/37/a6ce629ffdb43959e92e87ebdaeebb5ac81c944b6a75c9c47e300f85abdf/zstandard-0.25.0-cp312-cp312-manylinux2014_ppc64le.manylinux_2_17_ppc64le.whl", hash = "sha256:7149623bba7fdf7e7f24312953bcf73cae103db8cae49f8154dd1eadc8a29ecb", size = 5394148, upload-time = "2025-09-14T22:17:03.091Z" },
    { url = "https://files.pythonhosted.org/packages/e3/79/2bf870b3abeb5c070fe2d670a5a8d1057a8270f125ef7676d29ea900f496/zstandard-0.25.0-cp312-cp312-manylinux2014_s390x.manylinux_2_17_s390x.whl", hash = "sha256:6a573a35693e03cf1d67799fd01b50ff578515a8aeadd4595d2a7fa9f3ec002a", size = 5451652, upload-time = "2025-09-14T22:17:04.979Z" },
    { url = "https://files.pythonhosted.org/packages/53/60/7be26e610767316c028a2cbedb9a3beabdbe33e2182c373f71a1c0b88f36/zstandard-0.25.0-cp312-cp312-manylinux2014_x86_64.manylinux_2_17_x86_64.whl", hash = "sha256:5a56ba0db2d244117ed744dfa8f6f5b366e14148e00de44723413b2f3938a902", size = 5546993, upload-time = "2025-09-14T22:17:06.781Z" },
    { url = "https://files.pythonhosted.org/packages/85/c7/3483ad9ff0662623f3648479b0380d2de5510abf00990468c286c6b04017/zstandard-0.25.0-cp312-cp312-musllinux_1_1_aarch64.whl", hash = "sha256:10ef2a79ab8e2974e2075fb984e5b9806c64134810fac21576f0668e7ea19f8f", size = 5046806, upload-time = "2025-09-14T22:17:08.415Z" },
    { url = "https://files.pythonhosted.org/packages/08/b3/206883dd25b8d1591a1caa44b54c2aad84badccf2f1de9e2d60a446f9a25/zstandard-0.25.0-cp312-cp312-musllinux_1_1_x86_64.whl", hash = "sha256:aaf21ba8fb76d102b696781bddaa0954b782536446083ae3fdaa6f16b25a1c4b", size = 5576659, upload-time = "2025-09-14T22:17:10.164Z" },
    { url = "https://files.pythonhosted.org/packages/9d/31/76c0779101453e6c117b0ff22565865c54f48f8bd807df2b00c2c404b8e0/zstandard-0.25.0-cp312-cp312-musllinux_1_2_aarch64.whl", hash = "sha256:1869da9571d5e94a85a5e8d57e4e8807b175c9e4a6294e3b66fa4efb074d90f6", size = 4953933, upload-time = "2025-09-14T22:17:11.857Z" },
    { url = "https://files.pythonhosted.org/packages/18/e1/97680c664a1bf9a247a280a053d98e251424af51f1b196c6d52f117c9720/zstandard-0.25.0-cp312-cp312-musllinux_1_2_i686.whl", hash = "sha256:809c5bcb2c67cd0ed81e9229d227d4ca28f82d0f778fc5fea624a9def3963f91", size = 5268008, upload-time = "2025-09-14T22:17:13.627Z" },
    { url = "https://files.pythonhosted.org/packages/1e/73/316e4010de585ac798e154e88fd81bb16afc5c5cb1a72eeb16dd37e8024a/zstandard-0.25.0-cp312-cp312-musllinux_1_2_ppc64le.whl", hash = "sha256:f27662e4f7dbf9f9c12391cb37b4c4c3cb90ffbd3b1fb9284dadbbb8935fa708", size = 5433517, upload-time = "2025-09-14T22:17:16.103Z" },
    { url = "https://files.pythonhosted.org/packages/5b/60/dd0f8cfa8129c5a0ce3ea6b7f70be5b33d2618013a161e1ff26c2b39787c/zstandard-0.25.0-cp312-cp312-musllinux_1_2_s390x.whl", hash = "sha256:99c0c846e6e61718715a3c9437ccc625de26593fea60189567f0118dc9db7512", size = 5814292, upload-time = "2025-09-14T22:17:17.827Z" },
    { url = "https://files.pythonhosted.org/packages/fc/5f/75aafd4b9d11b5407b641b8e41a57864097663699f23e9ad4dbb91dc6bfe/zstandard-0.25.0-cp312-cp312-musllinux_1_2_x86_64.whl", hash = "sha256:474d2596a2dbc241a556e965fb76002c1ce655445e4e3bf38e5477d413165ffa", size = 5360237, upload-time = "2025-09-14T22:17:19.954Z" },
    { url = "https://files.pythonhosted.org/packages/ff/8d/0309daffea4fcac7981021dbf21cdb2e3427a9e76bafbcdbdf5392ff99a4/zstandard-0.25.0-cp312-cp312-win32.whl", hash = "sha256:23ebc8f17a03133b4426bcc04aabd68f8236eb78c3760f12783385171b0fd8bd", size = 436922, upload-time = "2025-09-14T22:17:24.398Z" },
    { url = "https://files.pythonhosted.org/packages/79/3b/fa54d9015f945330510cb5d0b0501e8253c127cca7ebe8ba46a965df18c5/zstandard-0.25.0-cp312-cp312-win_amd64.whl", hash = "sha256:ffef5a74088f1e09947aecf91011136665152e0b4b359c42be3373897fb39b01", size = 506276, upload-time = "2025-09-14T22:17:21.429Z" },
    { url = "https://files.pythonhosted.org/packages/ea/6b/8b51697e5319b1f9ac71087b0af9a40d8a6288ff8025c36486e0c12abcc4/zstandard-0.25.0-cp312-cp312-win_arm64.whl", hash = "sha256:181eb40e0b6a29b3cd2849f825e0fa34397f649170673d385f3598ae17cca2e9", size = 462679, upload-time = "2025-09-14T22:17:23.147Z" },
    { url = "https://files.pythonhosted.org/packages/35/0b/8df9c4ad06af91d39e94fa96cc010a24ac4ef1378d3efab9223cc8593d40/zstandard-0.25.0-cp313-cp313-macosx_10_13_x86_64.whl", hash = "sha256:ec996f12524f88e151c339688c3897194821d7f03081ab35d31d1e12ec975e94", size = 795735, upload-time = "2025-09-14T22:17:26.042Z" },
    { url = "https://files.pythonhosted.org/packages/3f/06/9ae96a3e5dcfd119377ba33d4c42a7d89da1efabd5cb3e366b156c45ff4d/zstandard-0.25.0-cp313-cp313-macosx_11_0_arm64.whl", hash = "sha256:a1a4ae2dec3993a32247995bdfe367fc3266da832d82f8438c8570f989753de1", size = 640440, upload-time = "2025-09-14T22:17:27.366Z" },
    { url = "https://files.pythonhosted.org/packages/d9/14/933d27204c2bd404229c69f445862454dcc101cd69ef8c6068f15aaec12c/zstandard-0.25.0-cp313-cp313-manylinux2010_i686.manylinux2014_i686.manylinux_2_12_i686.manylinux_2_17_i686.whl", hash = "sha256:e96594a5537722fdfb79951672a2a63aec5ebfb823e7560586f7484819f2a08f", size = 5343070, upload-time = "2025-09-14T22:17:28.896Z" },
    { url = "https://files.pythonhosted.org/packages/6d/db/ddb11011826ed7db9d0e485d13df79b58586bfdec56e5c84a928a9a78c1c/zstandard-0.25.0-cp313-cp313-manylinux2014_aarch64.manylinux_2_17_aarch64.whl", hash = "sha256:bfc4e20784722098822e3eee42b8e576b379ed72cca4a7cb856ae733e62192ea", size = 5063001, upload-time = "2025-09-14T22:17:31.044Z" },
    { url = "https://files.pythonhosted.org/packages/db/00/87466ea3f99599d02a5238498b87bf84a6348290c19571051839ca943777/zstandard-0.25.0-cp313-cp313-manylinux2014_ppc64le.manylinux_2_17_ppc64le.whl", hash = "sha256:457ed498fc58cdc12fc48f7950e02740d4f7ae9493dd4ab2168a47c93c31298e", size = 5394120, upload-time = "2025-09-14T22:17:32.711Z" },
    { url = "https://files.pythonhosted.org/packages/2b/95/fc5531d9c618a679a20ff6c29e2b3ef1d1f4ad66c5e161ae6ff847d102a9/zstandard-0.25.0-cp313-cp313-manylinux2014_s390x.manylinux_2_17_s390x.whl", hash = "sha256:fd7a5004eb1980d3cefe26b2685bcb0b17989901a70a1040d1ac86f1d898c551", size = 5451230, upload-time = "2025-09-14T22:17:34.41Z" },
    { url = "https://files.pythonhosted.org/packages/63/4b/e3678b4e776db00f9f7b2fe58e547e8928ef32727d7a1ff01dea010f3f13/zstandard-0.25.0-cp313-cp313-manylinux2014_x86_64.manylinux_2_17_x86_64.whl", hash = "sha256:8e735494da3db08694d26480f1493ad2cf86e99bdd53e8e9771b2752a5c0246a", size = 5547173, upload-time = "2025-09-14T22:17:36.084Z" },
    { url = "https://files.pythonhosted.org/packages/4e/d5/ba05ed95c6b8ec30bd468dfeab20589f2cf709b5c940483e31d991f2ca58/zstandard-0.25.0-cp313-cp313-musllinux_1_1_aarch64.whl", hash = "sha256:3a39c94ad7866160a4a46d772e43311a743c316942037671beb264e395bdd611", size = 5046736, upload-time = "2025-09-14T22:17:37.891Z" },
    { url = "https://files.pythonhosted.org/packages/50/d5/870aa06b3a76c73eced65c044b92286a3c4e00554005ff51962deef28e28/zstandard-0.25.0-cp313-cp313-musllinux_1_1_x86_64.whl", hash = "sha256:172de1f06947577d3a3005416977cce6168f2261284c02080e7ad0185faeced3", size = 5576368, upload-time = "2025-09-14T22:17:40.206Z" },
    { url = "https://files.pythonhosted.org/packages/5d/35/398dc2ffc89d304d59bc12f0fdd931b4ce455bddf7038a0a67733a25f550/zstandard-0.25.0-cp313-cp313-musllinux_1_2_aarch64.whl", hash = "sha256:3c83b0188c852a47cd13ef3bf9209fb0a77fa5374958b8c53aaa699398c6bd7b", size = 4954022, upload-time = "2025-09-14T22:17:41.879Z" },
    { url = "https://files.pythonhosted.org/packages/9a/5c/36ba1e5507d56d2213202ec2b05e8541734af5f2ce378c5d1ceaf4d88dc4/zstandard-0.25.0-cp313-cp313-musllinux_1_2_i686.whl", hash = "sha256:1673b7199bbe763365b81a4f3252b8e80f44c9e323fc42940dc8843bfeaf9851", size = 5267889, upload-time = "2025-09-14T22:17:43.577Z" },
    { url = "https://files.pythonhosted.org/packages/70/e8/2ec6b6fb7358b2ec0113ae202647ca7c0e9d15b61c005ae5225ad0995df5/zstandard-0.25.0-cp313-cp313-musllinux_1_2_ppc64le.whl", hash = "sha256:0be7622c37c183406f3dbf0cba104118eb16a4ea7359eeb5752f0794882fc250", size = 5433952, upload-time = "2025-09-14T22:17:45.271Z" },
    { url = "https://files.pythonhosted.org/packages/7b/01/b5f4d4dbc59ef193e870495c6f1275f5b2928e01ff5a81fecb22a06e22fb/zstandard-0.25.0-cp313-cp313-musllinux_1_2_s390x.whl", hash = "sha256:5f5e4c2a23ca271c218ac025bd7d635597048b366d6f31f420aaeb715239fc98", size = 5814054, upload-time = "2025-09-14T22:17:47.08Z" },
    { url = "https://files.pythonhosted.org/packages/b2/e5/fbd822d5c6f427cf158316d012c5a12f233473c2f9c5fe5ab1ae5d21f3d8/zstandard-0.25.0-cp313-cp313-musllinux_1_2_x86_64.whl", hash = "sha256:4f187a0bb61b35119d1926aee039524d1f93aaf38a9916b8c4b78ac8514a0aaf", size = 5360113, upload-time = "2025-09-14T22:17:48.893Z" },
    { url = "https://files.pythonhosted.org/packages/8e/e0/69a553d2047f9a2c7347caa225bb3a63b6d7704ad74610cb7823baa08ed7/zstandard-0.25.0-cp313-cp313-win32.whl", hash = "sha256:7030defa83eef3e51ff26f0b7bfb229f0204b66fe18e04359ce3474ac33cbc09", size = 436936, upload-time = "2025-09-14T22:17:52.658Z" },
    { url = "https://files.pythonhosted.org/packages/d9/82/b9c06c870f3bd8767c201f1edbdf9e8dc34be5b0fbc5682c4f80fe948475/zstandard-0.25.0-cp313-cp313-win_amd64.whl", hash = "sha256:1f830a0dac88719af0ae43b8b2d6aef487d437036468ef3c2ea59c51f9d55fd5", size = 506232, upload-time = "2025-09-14T22:17:50.402Z" },
    { url = "https://files.pythonhosted.org/packages/d4/57/60c3c01243bb81d381c9916e2a6d9e149ab8627c0c7d7abb2d73384b3c0c/zstandard-0.25.0-cp313-cp313-win_arm64.whl", hash = "sha256:85304a43f4d513f5464ceb938aa02c1e78c2943b29f44a750b48b25ac999a049", size = 462671, upload-time = "2025-09-14T22:17:51.533Z" },
    { url = "https://files.pythonhosted.org/packages/3d/5c/f8923b595b55fe49e30612987ad8bf053aef555c14f05bb659dd5dbe3e8a/zstandard-0.25.0-cp314-cp314-macosx_10_13_x86_64.whl", hash = "sha256:e29f0cf06974c899b2c188ef7f783607dbef36da4c242eb6c82dcd8b512855e3", size = 795887, upload-time = "2025-09-14T22:17:54.198Z" },
    { url = "https://files.pythonhosted.org/packages/8d/09/d0a2a14fc3439c5f874042dca72a79c70a532090b7ba0003be73fee37ae2/zstandard-0.25.0-cp314-cp314-macosx_11_0_arm64.whl", hash = "sha256:05df5136bc5a011f33cd25bc9f506e7426c0c9b3f9954f056831ce68f3b6689f", size = 640658, upload-time = "2025-09-14T22:17:55.423Z" },
    { url = "https://files.pythonhosted.org/packages/5d/7c/8b6b71b1ddd517f68ffb55e10834388d4f793c49c6b83effaaa05785b0b4/zstandard-0.25.0-cp314-cp314-manylinux2010_i686.manylinux_2_12_i686.manylinux_2_28_i686.whl", hash = "sha256:f604efd28f239cc21b3adb53eb061e2a205dc164be408e553b41ba2ffe0ca15c", size = 5379849, upload-time = "2025-09-14T22:17:57.372Z" },
    { url = "https://files.pythonhosted.org/packages/a4/86/a48e56320d0a17189ab7a42645387334fba2200e904ee47fc5a26c1fd8ca/zstandard-0.25.0-cp314-cp314-manylinux2014_aarch64.manylinux_2_17_aarch64.manylinux_2_28_aarch64.whl", hash = "sha256:223415140608d0f0da010499eaa8ccdb9af210a543fac54bce15babbcfc78439", size = 5058095, upload-time = "2025-09-14T22:17:59.498Z" },
    { url = "https://files.pythonhosted.org/packages/f8/ad/eb659984ee2c0a779f9d06dbfe45e2dc39d99ff40a319895df2d3d9a48e5/zstandard-0.25.0-cp314-cp314-manylinux2014_ppc64le.manylinux_2_17_ppc64le.manylinux_2_28_ppc64le.whl", hash = "sha256:2e54296a283f3ab5a26fc9b8b5d4978ea0532f37b231644f367aa588930aa043", size = 5551751, upload-time = "2025-09-14T22:18:01.618Z" },
    { url = "https://files.pythonhosted.org/packages/61/b3/b637faea43677eb7bd42ab204dfb7053bd5c4582bfe6b1baefa80ac0c47b/zstandard-0.25.0-cp314-cp314-manylinux2014_s390x.manylinux_2_17_s390x.manylinux_2_28_s390x.whl", hash = "sha256:ca54090275939dc8ec5dea2d2afb400e0f83444b2fc24e07df7fdef677110859", size = 6364818, upload-time = "2025-09-14T22:18:03.769Z" },
    { url = "https://files.pythonhosted.org/packages/31/dc/cc50210e11e465c975462439a492516a73300ab8caa8f5e0902544fd748b/zstandard-0.25.0-cp314-cp314-manylinux2014_x86_64.manylinux_2_17_x86_64.manylinux_2_28_x86_64.whl", hash = "sha256:e09bb6252b6476d8d56100e8147b803befa9a12cea144bbe629dd508800d1ad0", size = 5560402, upload-time = "2025-09-14T22:18:05.954Z" },
    { url = "https://files.pythonhosted.org/packages/c9/ae/56523ae9c142f0c08efd5e868a6da613ae76614eca1305259c3bf6a0ed43/zstandard-0.25.0-cp314-cp314-musllinux_1_2_aarch64.whl", hash = "sha256:a9ec8c642d1ec73287ae3e726792dd86c96f5681eb8df274a757bf62b750eae7", size = 4955108, upload-time = "2025-09-14T22:18:07.68Z" },
    { url = "https://files.pythonhosted.org/packages/98/cf/c899f2d6df0840d5e384cf4c4121458c72802e8bda19691f3b16619f51e9/zstandard-0.25.0-cp314-cp314-musllinux_1_2_i686.whl", hash = "sha256:a4089a10e598eae6393756b036e0f419e8c1d60f44a831520f9af41c14216cf2", size = 5269248, upload-time = "2025-09-14T22:18:09.753Z" },
    { url = "https://files.pythonhosted.org/packages/1b/c0/59e912a531d91e1c192d3085fc0f6fb2852753c301a812d856d857ea03c6/zstandard-0.25.0-cp314-cp314-musllinux_1_2_ppc64le.whl", hash = "sha256:f67e8f1a324a900e75b5e28ffb152bcac9fbed1cc7b43f99cd90f395c4375344", size = 5430330, upload-time = "2025-09-14T22:18:11.966Z" },
    { url = "https://files.pythonhosted.org/packages/a0/1d/7e31db1240de2df22a58e2ea9a93fc6e38cc29353e660c0272b6735d6669/zstandard-0.25.0-cp314-cp314-musllinux_1_2_s390x.whl", hash = "sha256:9654dbc012d8b06fc3d19cc825af3f7bf8ae242226df5f83936cb39f5fdc846c", size = 5811123, upload-time = "2025-09-14T22:18:13.907Z" },
    { url = "https://files.pythonhosted.org/packages/f6/49/fac46df5ad353d50535e118d6983069df68ca5908d4d65b8c466150a4ff1/zstandard-0.25.0-cp314-cp314-musllinux_1_2_x86_64.whl", hash = "sha256:4203ce3b31aec23012d3a4cf4a2ed64d12fea5269c49aed5e4c3611b938e4088", size = 5359591, upload-time = "2025-09-14T22:18:16.465Z" },
    { url = "https://files.pythonhosted.org/packages/c2/38/f249a2050ad1eea0bb364046153942e34abba95dd5520af199aed86fbb49/zstandard-0.25.0-cp314-cp314-win32.whl", hash = "sha256:da469dc041701583e34de852d8634703550348d5822e66a0c827d39b05365b12", size = 444513, upload-time = "2025-09-14T22:18:20.61Z" },
    { url = "https://files.pythonhosted.org/packages/3a/43/241f9615bcf8ba8903b3f0432da069e857fc4fd1783bd26183db53c4804b/zstandard-0.25.0-cp314-cp314-win_amd64.whl", hash = "sha256:c19bcdd826e95671065f8692b5a4aa95c52dc7a02a4c5a0cac46deb879a017a2", size = 516118, upload-time = "2025-09-14T22:18:17.849Z" },
    { url = "https://files.pythonhosted.org/packages/f0/ef/da163ce2450ed4febf6467d77ccb4cd52c4c30ab45624bad26ca0a27260c/zstandard-0.25.0-cp314-cp314-win_arm64.whl", hash = "sha256:d7541afd73985c630bafcd6338d2518ae96060075f9463d7dc14cfb33514383d", size = 476940, upload-time = "2025-09-14T22:18:19.088Z" },
]
